
Microsoft Visual Studio Solution File, Format Version 12.00
# Visual Studio 15
VisualStudioVersion = 15.0.27004.2005
MinimumVisualStudioVersion = 10.0.40219.1
Project("{FAE04EC0-301F-11D3-BF4B-00C04F79EFBC}") = "Alabaster", "Alabaster\Alabaster.csproj", "{0996A120-4DA3-4C26-857C-5F0DE15054CD}"
EndProject
Global
	GlobalSection(SolutionConfigurationPlatforms) = preSolution
		Debug|Any CPU = Debug|Any CPU
		Release|Any CPU = Release|Any CPU
	EndGlobalSection
	GlobalSection(ProjectConfigurationPlatforms) = postSolution
		{0996A120-4DA3-4C26-857C-5F0DE15054CD}.Debug|Any CPU.ActiveCfg = Debug|Any CPU
		{0996A120-4DA3-4C26-857C-5F0DE15054CD}.Debug|Any CPU.Build.0 = Debug|Any CPU
		{0996A120-4DA3-4C26-857C-5F0DE15054CD}.Release|Any CPU.ActiveCfg = Release|Any CPU
		{0996A120-4DA3-4C26-857C-5F0DE15054CD}.Release|Any CPU.Build.0 = Release|Any CPU
	EndGlobalSection
	GlobalSection(SolutionProperties) = preSolution
		HideSolutionNode = FALSE
	EndGlobalSection
	GlobalSection(ExtensibilityGlobals) = postSolution
		SolutionGuid = {A469CFD0-FCE4-4CB9-A5F3-2D8C4E9B8F01}
	EndGlobalSection
EndGlobal
